
Microsoft Visual Studio Solution File, Format Version 12.00
# Visual Studio Version 16
VisualStudioVersion = 16.0.31624.102
MinimumVisualStudioVersion = 10.0.40219.1
Project("{FAE04EC0-301F-11D3-BF4B-00C04F79EFBC}") = "DemoApp", "DemoApp.csproj", "{7746389E-6881-4BEE-9F42-8E66CA408057}"
EndProject
Project("{FAE04EC0-301F-11D3-BF4B-00C04F79EFBC}") = "ClientWrite", "..\ClientWrite\ClientWrite.csproj", "{2EDDE4FA-1A12-42CC-BCE5-BA5E29A2834E}"
EndProject
Project("{8BC9CEB8-8B4A-11D0-8D11-00A0C91BC942}") = "sum", "..\sum\sum.vcxproj", "{67D9398F-21D5-44B7-AEED-00FDCEB3A150}"
EndProject
Project("{FAE04EC0-301F-11D3-BF4B-00C04F79EFBC}") = "helper", "..\helper\helper.csproj", "{1E781E03-B1CE-4173-97C8-E0E888F5BF02}"
EndProject
Global
	GlobalSection(SolutionConfigurationPlatforms) = preSolution
		Debug|Any CPU = Debug|Any CPU
		Debug|x64 = Debug|x64
		Debug|x86 = Debug|x86
		Release|Any CPU = Release|Any CPU
		Release|x64 = Release|x64
		Release|x86 = Release|x86
	EndGlobalSection
	GlobalSection(ProjectConfigurationPlatforms) = postSolution
		{7746389E-6881-4BEE-9F42-8E66CA408057}.Debug|Any CPU.ActiveCfg = Debug|Any CPU
		{7746389E-6881-4BEE-9F42-8E66CA408057}.Debug|Any CPU.Build.0 = Debug|Any CPU
		{7746389E-6881-4BEE-9F42-8E66CA408057}.Debug|x64.ActiveCfg = Debug|Any CPU
		{7746389E-6881-4BEE-9F42-8E66CA408057}.Debug|x64.Build.0 = Debug|Any CPU
		{7746389E-6881-4BEE-9F42-8E66CA408057}.Debug|x86.ActiveCfg = Debug|Any CPU
		{7746389E-6881-4BEE-9F42-8E66CA408057}.Debug|x86.Build.0 = Debug|Any CPU
		{7746389E-6881-4BEE-9F42-8E66CA408057}.Release|Any CPU.ActiveCfg = Release|Any CPU
		{7746389E-6881-4BEE-9F42-8E66CA408057}.Release|Any CPU.Build.0 = Release|Any CPU
		{7746389E-6881-4BEE-9F42-8E66CA408057}.Release|x64.ActiveCfg = Release|Any CPU
		{7746389E-6881-4BEE-9F42-8E66CA408057}.Release|x64.Build.0 = Release|Any CPU
		{7746389E-6881-4BEE-9F42-8E66CA408057}.Release|x86.ActiveCfg = Release|Any CPU
		{7746389E-6881-4BEE-9F42-8E66CA408057}.Release|x86.Build.0 = Release|Any CPU
		{2EDDE4FA-1A12-42CC-BCE5-BA5E29A2834E}.Debug|Any CPU.ActiveCfg = Debug|Any CPU
		{2EDDE4FA-1A12-42CC-BCE5-BA5E29A2834E}.Debug|Any CPU.Build.0 = Debug|Any CPU
		{2EDDE4FA-1A12-42CC-BCE5-BA5E29A2834E}.Debug|x64.ActiveCfg = Debug|Any CPU
		{2EDDE4FA-1A12-42CC-BCE5-BA5E29A2834E}.Debug|x64.Build.0 = Debug|Any CPU
		{2EDDE4FA-1A12-42CC-BCE5-BA5E29A2834E}.Debug|x86.ActiveCfg = Debug|Any CPU
		{2EDDE4FA-1A12-42CC-BCE5-BA5E29A2834E}.Debug|x86.Build.0 = Debug|Any CPU
		{2EDDE4FA-1A12-42CC-BCE5-BA5E29A2834E}.Release|Any CPU.ActiveCfg = Release|Any CPU
		{2EDDE4FA-1A12-42CC-BCE5-BA5E29A2834E}.Release|Any CPU.Build.0 = Release|Any CPU
		{2EDDE4FA-1A12-42CC-BCE5-BA5E29A2834E}.Release|x64.ActiveCfg = Release|Any CPU
		{2EDDE4FA-1A12-42CC-BCE5-BA5E29A2834E}.Release|x64.Build.0 = Release|Any CPU
		{2EDDE4FA-1A12-42CC-BCE5-BA5E29A2834E}.Release|x86.ActiveCfg = Release|Any CPU
		{2EDDE4FA-1A12-42CC-BCE5-BA5E29A2834E}.Release|x86.Build.0 = Release|Any CPU
		{67D9398F-21D5-44B7-AEED-00FDCEB3A150}.Debug|Any CPU.ActiveCfg = Debug|Win32
		{67D9398F-21D5-44B7-AEED-00FDCEB3A150}.Debug|x64.ActiveCfg = Debug|x64
		{67D9398F-21D5-44B7-AEED-00FDCEB3A150}.Debug|x64.Build.0 = Debug|x64
		{67D9398F-21D5-44B7-AEED-00FDCEB3A150}.Debug|x86.ActiveCfg = Debug|Win32
		{67D9398F-21D5-44B7-AEED-00FDCEB3A150}.Debug|x86.Build.0 = Debug|Win32
		{67D9398F-21D5-44B7-AEED-00FDCEB3A150}.Release|Any CPU.ActiveCfg = Release|Win32
		{67D9398F-21D5-44B7-AEED-00FDCEB3A150}.Release|x64.ActiveCfg = Release|x64
		{67D9398F-21D5-44B7-AEED-00FDCEB3A150}.Release|x64.Build.0 = Release|x64
		{67D9398F-21D5-44B7-AEED-00FDCEB3A150}.Release|x86.ActiveCfg = Release|Win32
		{67D9398F-21D5-44B7-AEED-00FDCEB3A150}.Release|x86.Build.0 = Release|Win32
		{1E781E03-B1CE-4173-97C8-E0E888F5BF02}.Debug|Any CPU.ActiveCfg = Debug|Any CPU
		{1E781E03-B1CE-4173-97C8-E0E888F5BF02}.Debug|Any CPU.Build.0 = Debug|Any CPU
		{1E781E03-B1CE-4173-97C8-E0E888F5BF02}.Debug|x64.ActiveCfg = Debug|Any CPU
		{1E781E03-B1CE-4173-97C8-E0E888F5BF02}.Debug|x64.Build.0 = Debug|Any CPU
		{1E781E03-B1CE-4173-97C8-E0E888F5BF02}.Debug|x86.ActiveCfg = Debug|Any CPU
		{1E781E03-B1CE-4173-97C8-E0E888F5BF02}.Debug|x86.Build.0 = Debug|Any CPU
		{1E781E03-B1CE-4173-97C8-E0E888F5BF02}.Release|Any CPU.ActiveCfg = Release|Any CPU
		{1E781E03-B1CE-4173-97C8-E0E888F5BF02}.Release|Any CPU.Build.0 = Release|Any CPU
		{1E781E03-B1CE-4173-97C8-E0E888F5BF02}.Release|x64.ActiveCfg = Release|Any CPU
		{1E781E03-B1CE-4173-97C8-E0E888F5BF02}.Release|x64.Build.0 = Release|Any CPU
		{1E781E03-B1CE-4173-97C8-E0E888F5BF02}.Release|x86.ActiveCfg = Release|Any CPU
		{1E781E03-B1CE-4173-97C8-E0E888F5BF02}.Release|x86.Build.0 = Release|Any CPU
	EndGlobalSection
	GlobalSection(SolutionProperties) = preSolution
		HideSolutionNode = FALSE
	EndGlobalSection
	GlobalSection(ExtensibilityGlobals) = postSolution
		SolutionGuid = {733740F9-884C-4CD5-9551-D071E155B778}
	EndGlobalSection
EndGlobal
